
Microsoft Visual Studio Solution File, Format Version 12.00
# Visual Studio Version 17
VisualStudioVersion = 17.1.32328.378
MinimumVisualStudioVersion = 10.0.40219.1
Project("{FAE04EC0-301F-11D3-BF4B-00C04F79EFBC}") = "BinaryManager", "BinaryManager\BinaryManager.csproj", "{E4301906-C45C-4801-956C-781FBD88782B}"
EndProject
Global
	GlobalSection(SolutionConfigurationPlatforms) = preSolution
		Debug|Any CPU = Debug|Any CPU
		Release|Any CPU = Release|Any CPU
	EndGlobalSection
	GlobalSection(ProjectConfigurationPlatforms) = postSolution
		{E4301906-C45C-4801-956C-781FBD88782B}.Debug|Any CPU.ActiveCfg = Debug|Any CPU
		{E4301906-C45C-4801-956C-781FBD88782B}.Debug|Any CPU.Build.0 = Debug|Any CPU
		{E4301906-C45C-4801-956C-781FBD88782B}.Release|Any CPU.ActiveCfg = Release|Any CPU
		{E4301906-C45C-4801-956C-781FBD88782B}.Release|Any CPU.Build.0 = Release|Any CPU
	EndGlobalSection
	GlobalSection(SolutionProperties) = preSolution
		HideSolutionNode = FALSE
	EndGlobalSection
	GlobalSection(ExtensibilityGlobals) = postSolution
		SolutionGuid = {A13C8EDE-EB9E-46D8-A38E-2F00F3560185}
	EndGlobalSection
EndGlobal
